// !$*UTF8*$!
{
	archiveVersion = 1;
	classes = {
	};
	objectVersion = 46;
	objects = {

/* Begin PBXBuildFile section */
		F0B3F94816825919000E5FBD /* UIKit.framework in Frameworks */ = {isa = PBXBuildFile; fileRef = F0B3F94716825919000E5FBD /* UIKit.framework */; };
		F0B3F94A16825919000E5FBD /* Foundation.framework in Frameworks */ = {isa = PBXBuildFile; fileRef = F0B3F94916825919000E5FBD /* Foundation.framework */; };
		F0B3F94C16825919000E5FBD /* CoreGraphics.framework in Frameworks */ = {isa = PBXBuildFile; fileRef = F0B3F94B16825919000E5FBD /* CoreGraphics.framework */; };
		F0B3F95216825919000E5FBD /* InfoPlist.strings in Resources */ = {isa = PBXBuildFile; fileRef = F0B3F95016825919000E5FBD /* InfoPlist.strings */; };
		F0B3F95416825919000E5FBD /* main.m in Sources */ = {isa = PBXBuildFile; fileRef = F0B3F95316825919000E5FBD /* main.m */; };
		F0B3F95816825919000E5FBD /* ADBAppDelegate.m in Sources */ = {isa = PBXBuildFile; fileRef = F0B3F95716825919000E5FBD /* ADBAppDelegate.m */; };
		F0B3F95A16825919000E5FBD /* Default.png in Resources */ = {isa = PBXBuildFile; fileRef = F0B3F95916825919000E5FBD /* Default.png */; };
		F0B3F95C16825919000E5FBD /* Default@2x.png in Resources */ = {isa = PBXBuildFile; fileRef = F0B3F95B16825919000E5FBD /* Default@2x.png */; };
		F0B3F95E16825919000E5FBD /* Default-568h@2x.png in Resources */ = {isa = PBXBuildFile; fileRef = F0B3F95D16825919000E5FBD /* Default-568h@2x.png */; };
		F0B3F96616825919000E5FBD /* SenTestingKit.framework in Frameworks */ = {isa = PBXBuildFile; fileRef = F0B3F96516825919000E5FBD /* SenTestingKit.framework */; };
		F0B3F96716825919000E5FBD /* UIKit.framework in Frameworks */ = {isa = PBXBuildFile; fileRef = F0B3F94716825919000E5FBD /* UIKit.framework */; };
		F0B3F96816825919000E5FBD /* Foundation.framework in Frameworks */ = {isa = PBXBuildFile; fileRef = F0B3F94916825919000E5FBD /* Foundation.framework */; };
		F0B3F97016825919000E5FBD /* InfoPlist.strings in Resources */ = {isa = PBXBuildFile; fileRef = F0B3F96E16825919000E5FBD /* InfoPlist.strings */; };
		F0B3F97316825919000E5FBD /* IntrospectaTests.m in Sources */ = {isa = PBXBuildFile; fileRef = F0B3F97216825919000E5FBD /* IntrospectaTests.m */; };
/* End PBXBuildFile section */

/* Begin PBXContainerItemProxy section */
		F0B3F96916825919000E5FBD /* PBXContainerItemProxy */ = {
			isa = PBXContainerItemProxy;
			containerPortal = F0B3F93A16825919000E5FBD /* Project object */;
			proxyType = 1;
			remoteGlobalIDString = F0B3F94216825919000E5FBD;
			remoteInfo = Introspecta;
		};
/* End PBXContainerItemProxy section */

/* Begin PBXFileReference section */
		F0B3F94316825919000E5FBD /* Introspecta.app */ = {isa = PBXFileReference; explicitFileType = wrapper.application; includeInIndex = 0; path = Introspecta.app; sourceTree = BUILT_PRODUCTS_DIR; };
		F0B3F94716825919000E5FBD /* UIKit.framework */ = {isa = PBXFileReference; lastKnownFileType = wrapper.framework; name = UIKit.framework; path = System/Library/Frameworks/UIKit.framework; sourceTree = SDKROOT; };
		F0B3F94916825919000E5FBD /* Foundation.framework */ = {isa = PBXFileReference; lastKnownFileType = wrapper.framework; name = Foundation.framework; path = System/Library/Frameworks/Foundation.framework; sourceTree = SDKROOT; };
		F0B3F94B16825919000E5FBD /* CoreGraphics.framework */ = {isa = PBXFileReference; lastKnownFileType = wrapper.framework; name = CoreGraphics.framework; path = System/Library/Frameworks/CoreGraphics.framework; sourceTree = SDKROOT; };
		F0B3F94F16825919000E5FBD /* Introspecta-Info.plist */ = {isa = PBXFileReference; lastKnownFileType = text.plist.xml; path = "Introspecta-Info.plist"; sourceTree = "<group>"; };
		F0B3F95116825919000E5FBD /* en */ = {isa = PBXFileReference; lastKnownFileType = text.plist.strings; name = en; path = en.lproj/InfoPlist.strings; sourceTree = "<group>"; };
		F0B3F95316825919000E5FBD /* main.m */ = {isa = PBXFileReference; lastKnownFileType = sourcecode.c.objc; path = main.m; sourceTree = "<group>"; };
		F0B3F95516825919000E5FBD /* Introspecta-Prefix.pch */ = {isa = PBXFileReference; lastKnownFileType = sourcecode.c.h; path = "Introspecta-Prefix.pch"; sourceTree = "<group>"; };
		F0B3F95616825919000E5FBD /* ADBAppDelegate.h */ = {isa = PBXFileReference; lastKnownFileType = sourcecode.c.h; path = ADBAppDelegate.h; sourceTree = "<group>"; };
		F0B3F95716825919000E5FBD /* ADBAppDelegate.m */ = {isa = PBXFileReference; lastKnownFileType = sourcecode.c.objc; path = ADBAppDelegate.m; sourceTree = "<group>"; };
		F0B3F95916825919000E5FBD /* Default.png */ = {isa = PBXFileReference; lastKnownFileType = image.png; path = Default.png; sourceTree = "<group>"; };
		F0B3F95B16825919000E5FBD /* Default@2x.png */ = {isa = PBXFileReference; lastKnownFileType = image.png; path = "Default@2x.png"; sourceTree = "<group>"; };
		F0B3F95D16825919000E5FBD /* Default-568h@2x.png */ = {isa = PBXFileReference; lastKnownFileType = image.png; path = "Default-568h@2x.png"; sourceTree = "<group>"; };
		F0B3F96416825919000E5FBD /* IntrospectaTests.octest */ = {isa = PBXFileReference; explicitFileType = wrapper.cfbundle; includeInIndex = 0; path = IntrospectaTests.octest; sourceTree = BUILT_PRODUCTS_DIR; };
		F0B3F96516825919000E5FBD /* SenTestingKit.framework */ = {isa = PBXFileReference; lastKnownFileType = wrapper.framework; name = SenTestingKit.framework; path = Library/Frameworks/SenTestingKit.framework; sourceTree = DEVELOPER_DIR; };
		F0B3F96D16825919000E5FBD /* IntrospectaTests-Info.plist */ = {isa = PBXFileReference; lastKnownFileType = text.plist.xml; path = "IntrospectaTests-Info.plist"; sourceTree = "<group>"; };
		F0B3F96F16825919000E5FBD /* en */ = {isa = PBXFileReference; lastKnownFileType = text.plist.strings; name = en; path = en.lproj/InfoPlist.strings; sourceTree = "<group>"; };
		F0B3F97116825919000E5FBD /* IntrospectaTests.h */ = {isa = PBXFileReference; lastKnownFileType = sourcecode.c.h; path = IntrospectaTests.h; sourceTree = "<group>"; };
		F0B3F97216825919000E5FBD /* IntrospectaTests.m */ = {isa = PBXFileReference; lastKnownFileType = sourcecode.c.objc; path = IntrospectaTests.m; sourceTree = "<group>"; };
/* End PBXFileReference section */

/* Begin PBXFrameworksBuildPhase section */
		F0B3F94016825919000E5FBD /* Frameworks */ = {
			isa = PBXFrameworksBuildPhase;
			buildActionMask = 2147483647;
			files = (
				F0B3F94816825919000E5FBD /* UIKit.framework in Frameworks */,
				F0B3F94A16825919000E5FBD /* Foundation.framework in Frameworks */,
				F0B3F94C16825919000E5FBD /* CoreGraphics.framework in Frameworks */,
			);
			runOnlyForDeploymentPostprocessing = 0;
		};
		F0B3F96016825919000E5FBD /* Frameworks */ = {
			isa = PBXFrameworksBuildPhase;
			buildActionMask = 2147483647;
			files = (
				F0B3F96616825919000E5FBD /* SenTestingKit.framework in Frameworks */,
				F0B3F96716825919000E5FBD /* UIKit.framework in Frameworks */,
				F0B3F96816825919000E5FBD /* Foundation.framework in Frameworks */,
			);
			runOnlyForDeploymentPostprocessing = 0;
		};
/* End PBXFrameworksBuildPhase section */

/* Begin PBXGroup section */
		F0B3F93816825919000E5FBD = {
			isa = PBXGroup;
			children = (
				F0B3F94D16825919000E5FBD /* Introspecta */,
				F0B3F96B16825919000E5FBD /* IntrospectaTests */,
				F0B3F94616825919000E5FBD /* Frameworks */,
				F0B3F94416825919000E5FBD /* Products */,
			);
			sourceTree = "<group>";
		};
		F0B3F94416825919000E5FBD /* Products */ = {
			isa = PBXGroup;
			children = (
				F0B3F94316825919000E5FBD /* Introspecta.app */,
				F0B3F96416825919000E5FBD /* IntrospectaTests.octest */,
			);
			name = Products;
			sourceTree = "<group>";
		};
		F0B3F94616825919000E5FBD /* Frameworks */ = {
			isa = PBXGroup;
			children = (
				F0B3F94716825919000E5FBD /* UIKit.framework */,
				F0B3F94916825919000E5FBD /* Foundation.framework */,
				F0B3F94B16825919000E5FBD /* CoreGraphics.framework */,
				F0B3F96516825919000E5FBD /* SenTestingKit.framework */,
			);
			name = Frameworks;
			sourceTree = "<group>";
		};
		F0B3F94D16825919000E5FBD /* Introspecta */ = {
			isa = PBXGroup;
			children = (
				F0B3F95616825919000E5FBD /* ADBAppDelegate.h */,
				F0B3F95716825919000E5FBD /* ADBAppDelegate.m */,
				F0B3F94E16825919000E5FBD /* Supporting Files */,
			);
			path = Introspecta;
			sourceTree = "<group>";
		};
		F0B3F94E16825919000E5FBD /* Supporting Files */ = {
			isa = PBXGroup;
			children = (
				F0B3F94F16825919000E5FBD /* Introspecta-Info.plist */,
				F0B3F95016825919000E5FBD /* InfoPlist.strings */,
				F0B3F95316825919000E5FBD /* main.m */,
				F0B3F95516825919000E5FBD /* Introspecta-Prefix.pch */,
				F0B3F95916825919000E5FBD /* Default.png */,
				F0B3F95B16825919000E5FBD /* Default@2x.png */,
				F0B3F95D16825919000E5FBD /* Default-568h@2x.png */,
			);
			name = "Supporting Files";
			sourceTree = "<group>";
		};
		F0B3F96B16825919000E5FBD /* IntrospectaTests */ = {
			isa = PBXGroup;
			children = (
				F0B3F97116825919000E5FBD /* IntrospectaTests.h */,
				F0B3F97216825919000E5FBD /* IntrospectaTests.m */,
				F0B3F96C16825919000E5FBD /* Supporting Files */,
			);
			path = IntrospectaTests;
			sourceTree = "<group>";
		};
		F0B3F96C16825919000E5FBD /* Supporting Files */ = {
			isa = PBXGroup;
			children = (
				F0B3F96D16825919000E5FBD /* IntrospectaTests-Info.plist */,
				F0B3F96E16825919000E5FBD /* InfoPlist.strings */,
			);
			name = "Supporting Files";
			sourceTree = "<group>";
		};
/* End PBXGroup section */

/* Begin PBXNativeTarget section */
		F0B3F94216825919000E5FBD /* Introspecta */ = {
			isa = PBXNativeTarget;
			buildConfigurationList = F0B3F97616825919000E5FBD /* Build configuration list for PBXNativeTarget "Introspecta" */;
			buildPhases = (
				F0B3F93F16825919000E5FBD /* Sources */,
				F0B3F94016825919000E5FBD /* Frameworks */,
				F0B3F94116825919000E5FBD /* Resources */,
			);
			buildRules = (
			);
			dependencies = (
			);
			name = Introspecta;
			productName = Introspecta;
			productReference = F0B3F94316825919000E5FBD /* Introspecta.app */;
			productType = "com.apple.product-type.application";
		};
		F0B3F96316825919000E5FBD /* IntrospectaTests */ = {
			isa = PBXNativeTarget;
			buildConfigurationList = F0B3F97916825919000E5FBD /* Build configuration list for PBXNativeTarget "IntrospectaTests" */;
			buildPhases = (
				F0B3F95F16825919000E5FBD /* Sources */,
				F0B3F96016825919000E5FBD /* Frameworks */,
				F0B3F96116825919000E5FBD /* Resources */,
				F0B3F96216825919000E5FBD /* ShellScript */,
			);
			buildRules = (
			);
			dependencies = (
				F0B3F96A16825919000E5FBD /* PBXTargetDependency */,
			);
			name = IntrospectaTests;
			productName = IntrospectaTests;
			productReference = F0B3F96416825919000E5FBD /* IntrospectaTests.octest */;
			productType = "com.apple.product-type.bundle";
		};
/* End PBXNativeTarget section */

/* Begin PBXProject section */
		F0B3F93A16825919000E5FBD /* Project object */ = {
			isa = PBXProject;
			attributes = {
				CLASSPREFIX = ADB;
				LastUpgradeCheck = 0450;
				ORGANIZATIONNAME = "Alberto De Bortoli";
			};
			buildConfigurationList = F0B3F93D16825919000E5FBD /* Build configuration list for PBXProject "Introspecta" */;
			compatibilityVersion = "Xcode 3.2";
			developmentRegion = English;
			hasScannedForEncodings = 0;
			knownRegions = (
				en,
			);
			mainGroup = F0B3F93816825919000E5FBD;
			productRefGroup = F0B3F94416825919000E5FBD /* Products */;
			projectDirPath = "";
			projectRoot = "";
			targets = (
				F0B3F94216825919000E5FBD /* Introspecta */,
				F0B3F96316825919000E5FBD /* IntrospectaTests */,
			);
		};
/* End PBXProject section */

/* Begin PBXResourcesBuildPhase section */
		F0B3F94116825919000E5FBD /* Resources */ = {
			isa = PBXResourcesBuildPhase;
			buildActionMask = 2147483647;
			files = (
				F0B3F95216825919000E5FBD /* InfoPlist.strings in Resources */,
				F0B3F95A16825919000E5FBD /* Default.png in Resources */,
				F0B3F95C16825919000E5FBD /* Default@2x.png in Resources */,
				F0B3F95E16825919000E5FBD /* Default-568h@2x.png in Resources */,
			);
			runOnlyForDeploymentPostprocessing = 0;
		};
		F0B3F96116825919000E5FBD /* Resources */ = {
			isa = PBXResourcesBuildPhase;
			buildActionMask = 2147483647;
			files = (
				F0B3F97016825919000E5FBD /* InfoPlist.strings in Resources */,
			);
			runOnlyForDeploymentPostprocessing = 0;
		};
/* End PBXResourcesBuildPhase section */

/* Begin PBXShellScriptBuildPhase section */
		F0B3F96216825919000E5FBD /* ShellScript */ = {
			isa = PBXShellScriptBuildPhase;
			buildActionMask = 2147483647;
			files = (
			);
			inputPaths = (
			);
			outputPaths = (
			);
			runOnlyForDeploymentPostprocessing = 0;
			shellPath = /bin/sh;
			shellScript = "# Run the unit tests in this test bundle.\n\"${SYSTEM_DEVELOPER_DIR}/Tools/RunUnitTests\"\n";
		};
/* End PBXShellScriptBuildPhase section */

/* Begin PBXSourcesBuildPhase section */
		F0B3F93F16825919000E5FBD /* Sources */ = {
			isa = PBXSourcesBuildPhase;
			buildActionMask = 2147483647;
			files = (
				F0B3F95416825919000E5FBD /* main.m in Sources */,
				F0B3F95816825919000E5FBD /* ADBAppDelegate.m in Sources */,
			);
			runOnlyForDeploymentPostprocessing = 0;
		};
		F0B3F95F16825919000E5FBD /* Sources */ = {
			isa = PBXSourcesBuildPhase;
			buildActionMask = 2147483647;
			files = (
				F0B3F97316825919000E5FBD /* IntrospectaTests.m in Sources */,
			);
			runOnlyForDeploymentPostprocessing = 0;
		};
/* End PBXSourcesBuildPhase section */

/* Begin PBXTargetDependency section */
		F0B3F96A16825919000E5FBD /* PBXTargetDependency */ = {
			isa = PBXTargetDependency;
			target = F0B3F94216825919000E5FBD /* Introspecta */;
			targetProxy = F0B3F96916825919000E5FBD /* PBXContainerItemProxy */;
		};
/* End PBXTargetDependency section */

/* Begin PBXVariantGroup section */
		F0B3F95016825919000E5FBD /* InfoPlist.strings */ = {
			isa = PBXVariantGroup;
			children = (
				F0B3F95116825919000E5FBD /* en */,
			);
			name = InfoPlist.strings;
			sourceTree = "<group>";
		};
		F0B3F96E16825919000E5FBD /* InfoPlist.strings */ = {
			isa = PBXVariantGroup;
			children = (
				F0B3F96F16825919000E5FBD /* en */,
			);
			name = InfoPlist.strings;
			sourceTree = "<group>";
		};
/* End PBXVariantGroup section */

/* Begin XCBuildConfiguration section */
		F0B3F97416825919000E5FBD /* Debug */ = {
			isa = XCBuildConfiguration;
			buildSettings = {
				ALWAYS_SEARCH_USER_PATHS = NO;
				CLANG_CXX_LANGUAGE_STANDARD = "gnu++0x";
				CLANG_CXX_LIBRARY = "libc++";
				CLANG_ENABLE_OBJC_ARC = YES;
				CLANG_WARN_EMPTY_BODY = YES;
				CLANG_WARN__DUPLICATE_METHOD_MATCH = YES;
				"CODE_SIGN_IDENTITY[sdk=iphoneos*]" = "iPhone Developer";
				COPY_PHASE_STRIP = NO;
				GCC_C_LANGUAGE_STANDARD = gnu99;
				GCC_DYNAMIC_NO_PIC = NO;
				GCC_OPTIMIZATION_LEVEL = 0;
				GCC_PREPROCESSOR_DEFINITIONS = (
					"DEBUG=1",
					"$(inherited)",
				);
				GCC_SYMBOLS_PRIVATE_EXTERN = NO;
				GCC_WARN_ABOUT_RETURN_TYPE = YES;
				GCC_WARN_UNINITIALIZED_AUTOS = YES;
				GCC_WARN_UNUSED_VARIABLE = YES;
				IPHONEOS_DEPLOYMENT_TARGET = 6.0;
				ONLY_ACTIVE_ARCH = YES;
				SDKROOT = iphoneos;
			};
			name = Debug;
		};
		F0B3F97516825919000E5FBD /* Release */ = {
			isa = XCBuildConfiguration;
			buildSettings = {
				ALWAYS_SEARCH_USER_PATHS = NO;
				CLANG_CXX_LANGUAGE_STANDARD = "gnu++0x";
				CLANG_CXX_LIBRARY = "libc++";
				CLANG_ENABLE_OBJC_ARC = YES;
				CLANG_WARN_EMPTY_BODY = YES;
				CLANG_WARN__DUPLICATE_METHOD_MATCH = YES;
				"CODE_SIGN_IDENTITY[sdk=iphoneos*]" = "iPhone Developer";
				COPY_PHASE_STRIP = YES;
				GCC_C_LANGUAGE_STANDARD = gnu99;
				GCC_WARN_ABOUT_RETURN_TYPE = YES;
				GCC_WARN_UNINITIALIZED_AUTOS = YES;
				GCC_WARN_UNUSED_VARIABLE = YES;
				IPHONEOS_DEPLOYMENT_TARGET = 6.0;
				OTHER_CFLAGS = "-DNS_BLOCK_ASSERTIONS=1";
				SDKROOT = iphoneos;
				VALIDATE_PRODUCT = YES;
			};
			name = Release;
		};
		F0B3F97716825919000E5FBD /* Debug */ = {
			isa = XCBuildConfiguration;
			buildSettings = {
				GCC_PRECOMPILE_PREFIX_HEADER = YES;
				GCC_PREFIX_HEADER = "Introspecta/Introspecta-Prefix.pch";
				INFOPLIST_FILE = "Introspecta/Introspecta-Info.plist";
				PRODUCT_NAME = "$(TARGET_NAME)";
				WRAPPER_EXTENSION = app;
			};
			name = Debug;
		};
		F0B3F97816825919000E5FBD /* Release */ = {
			isa = XCBuildConfiguration;
			buildSettings = {
				GCC_PRECOMPILE_PREFIX_HEADER = YES;
				GCC_PREFIX_HEADER = "Introspecta/Introspecta-Prefix.pch";
				INFOPLIST_FILE = "Introspecta/Introspecta-Info.plist";
				PRODUCT_NAME = "$(TARGET_NAME)";
				WRAPPER_EXTENSION = app;
			};
			name = Release;
		};
		F0B3F97A16825919000E5FBD /* Debug */ = {
			isa = XCBuildConfiguration;
			buildSettings = {
				BUNDLE_LOADER = "$(BUILT_PRODUCTS_DIR)/Introspecta.app/Introspecta";
				FRAMEWORK_SEARCH_PATHS = (
					"\"$(SDKROOT)/Developer/Library/Frameworks\"",
					"\"$(DEVELOPER_LIBRARY_DIR)/Frameworks\"",
				);
				GCC_PRECOMPILE_PREFIX_HEADER = YES;
				GCC_PREFIX_HEADER = "Introspecta/Introspecta-Prefix.pch";
				INFOPLIST_FILE = "IntrospectaTests/IntrospectaTests-Info.plist";
				PRODUCT_NAME = "$(TARGET_NAME)";
				TEST_HOST = "$(BUNDLE_LOADER)";
				WRAPPER_EXTENSION = octest;
			};
			name = Debug;
		};
		F0B3F97B16825919000E5FBD /* Release */ = {
			isa = XCBuildConfiguration;
			buildSettings = {
				BUNDLE_LOADER = "$(BUILT_PRODUCTS_DIR)/Introspecta.app/Introspecta";
				FRAMEWORK_SEARCH_PATHS = (
					"\"$(SDKROOT)/Developer/Library/Frameworks\"",
					"\"$(DEVELOPER_LIBRARY_DIR)/Frameworks\"",
				);
				GCC_PRECOMPILE_PREFIX_HEADER = YES;
				GCC_PREFIX_HEADER = "Introspecta/Introspecta-Prefix.pch";
				INFOPLIST_FILE = "IntrospectaTests/IntrospectaTests-Info.plist";
				PRODUCT_NAME = "$(TARGET_NAME)";
				TEST_HOST = "$(BUNDLE_LOADER)";
				WRAPPER_EXTENSION = octest;
			};
			name = Release;
		};
/* End XCBuildConfiguration section */

/* Begin XCConfigurationList section */
		F0B3F93D16825919000E5FBD /* Build configuration list for PBXProject "Introspecta" */ = {
			isa = XCConfigurationList;
			buildConfigurations = (
				F0B3F97416825919000E5FBD /* Debug */,
				F0B3F97516825919000E5FBD /* Release */,
			);
			defaultConfigurationIsVisible = 0;
			defaultConfigurationName = Release;
		};
		F0B3F97616825919000E5FBD /* Build configuration list for PBXNativeTarget "Introspecta" */ = {
			isa = XCConfigurationList;
			buildConfigurations = (
				F0B3F97716825919000E5FBD /* Debug */,
				F0B3F97816825919000E5FBD /* Release */,
			);
			defaultConfigurationIsVisible = 0;
		};
		F0B3F97916825919000E5FBD /* Build configuration list for PBXNativeTarget "IntrospectaTests" */ = {
			isa = XCConfigurationList;
			buildConfigurations = (
				F0B3F97A16825919000E5FBD /* Debug */,
				F0B3F97B16825919000E5FBD /* Release */,
			);
			defaultConfigurationIsVisible = 0;
		};
/* End XCConfigurationList section */
	};
	rootObject = F0B3F93A16825919000E5FBD /* Project object */;
}
